
Microsoft Visual Studio Solution File, Format Version 12.00
# Visual Studio Version 16
VisualStudioVersion = 16.0.32428.217
MinimumVisualStudioVersion = 10.0.40219.1
Project("{9A19103F-16F7-4668-BE54-9A1E7A4F7556}") = "PlayStationStore", "PlayStationStore\PlayStationStore.csproj", "{AF78874A-F288-4B51-8DED-D2DB9993918B}"
EndProject
Project("{9A19103F-16F7-4668-BE54-9A1E7A4F7556}") = "PlayStationStore.DataAccess", "PlayStationStore.DataAccess\PlayStationStore.DataAccess.csproj", "{65CB4747-ACF3-44E3-A1A5-657F6A0883FA}"
EndProject
Project("{9A19103F-16F7-4668-BE54-9A1E7A4F7556}") = "PlayStationStore.Models", "PlayStationStore.Models\PlayStationStore.Models.csproj", "{57F4C398-39C9-40E3-B72B-076BA3777F89}"
EndProject
Project("{9A19103F-16F7-4668-BE54-9A1E7A4F7556}") = "PlayStationStore.Utility", "PlayStationStore.Utility\PlayStationStore.Utility.csproj", "{AD99EEBA-C2BC-4FC8-8663-C0A4E27D2C7B}"
EndProject
Global
	GlobalSection(SolutionConfigurationPlatforms) = preSolution
		Debug|Any CPU = Debug|Any CPU
		Release|Any CPU = Release|Any CPU
	EndGlobalSection
	GlobalSection(ProjectConfigurationPlatforms) = postSolution
		{AF78874A-F288-4B51-8DED-D2DB9993918B}.Debug|Any CPU.ActiveCfg = Debug|Any CPU
		{AF78874A-F288-4B51-8DED-D2DB9993918B}.Debug|Any CPU.Build.0 = Debug|Any CPU
		{AF78874A-F288-4B51-8DED-D2DB9993918B}.Release|Any CPU.ActiveCfg = Release|Any CPU
		{AF78874A-F288-4B51-8DED-D2DB9993918B}.Release|Any CPU.Build.0 = Release|Any CPU
		{65CB4747-ACF3-44E3-A1A5-657F6A0883FA}.Debug|Any CPU.ActiveCfg = Debug|Any CPU
		{65CB4747-ACF3-44E3-A1A5-657F6A0883FA}.Debug|Any CPU.Build.0 = Debug|Any CPU
		{65CB4747-ACF3-44E3-A1A5-657F6A0883FA}.Release|Any CPU.ActiveCfg = Release|Any CPU
		{65CB4747-ACF3-44E3-A1A5-657F6A0883FA}.Release|Any CPU.Build.0 = Release|Any CPU
		{57F4C398-39C9-40E3-B72B-076BA3777F89}.Debug|Any CPU.ActiveCfg = Debug|Any CPU
		{57F4C398-39C9-40E3-B72B-076BA3777F89}.Debug|Any CPU.Build.0 = Debug|Any CPU
		{57F4C398-39C9-40E3-B72B-076BA3777F89}.Release|Any CPU.ActiveCfg = Release|Any CPU
		{57F4C398-39C9-40E3-B72B-076BA3777F89}.Release|Any CPU.Build.0 = Release|Any CPU
		{AD99EEBA-C2BC-4FC8-8663-C0A4E27D2C7B}.Debug|Any CPU.ActiveCfg = Debug|Any CPU
		{AD99EEBA-C2BC-4FC8-8663-C0A4E27D2C7B}.Debug|Any CPU.Build.0 = Debug|Any CPU
		{AD99EEBA-C2BC-4FC8-8663-C0A4E27D2C7B}.Release|Any CPU.ActiveCfg = Release|Any CPU
		{AD99EEBA-C2BC-4FC8-8663-C0A4E27D2C7B}.Release|Any CPU.Build.0 = Release|Any CPU
	EndGlobalSection
	GlobalSection(SolutionProperties) = preSolution
		HideSolutionNode = FALSE
	EndGlobalSection
	GlobalSection(ExtensibilityGlobals) = postSolution
		SolutionGuid = {F115FCB8-27BF-4231-92FE-9BA0CF35DD24}
	EndGlobalSection
EndGlobal
